// !$*UTF8*$!
{
	archiveVersion = 1;
	classes = {
	};
	objectVersion = 46;
	objects = {

/* Begin PBXBuildFile section */
		2A14ECA61D2DA0F3000140DD /* ThemePicker.swift in Sources */ = {isa = PBXBuildFile; fileRef = 2A14ECA51D2DA0F3000140DD /* ThemePicker.swift */; };
		2A36C63E1D2D8310009DB6B4 /* Fonts in Resources */ = {isa = PBXBuildFile; fileRef = 2A36C63D1D2D8310009DB6B4 /* Fonts */; };
		2A50C8F81D2D641A001524E5 /* NSDate+convertToString.swift in Sources */ = {isa = PBXBuildFile; fileRef = 2A50C8F71D2D641A001524E5 /* NSDate+convertToString.swift */; };
		2A50C8FA1D2D6D03001524E5 /* NewCardController.swift in Sources */ = {isa = PBXBuildFile; fileRef = 2A50C8F91D2D6D03001524E5 /* NewCardController.swift */; };
		2A7947DF1D2F132800AE18E9 /* ThemePickerCell.swift in Sources */ = {isa = PBXBuildFile; fileRef = 2A7947DE1D2F132800AE18E9 /* ThemePickerCell.swift */; };
		2A88B17C1D2C76D300163CC0 /* Card.swift in Sources */ = {isa = PBXBuildFile; fileRef = 2A88B17B1D2C76D300163CC0 /* Card.swift */; };
		2A88B17E1D2C76DB00163CC0 /* RealmHelper.swift in Sources */ = {isa = PBXBuildFile; fileRef = 2A88B17D1D2C76DB00163CC0 /* RealmHelper.swift */; };
		2A88B1801D2C792B00163CC0 /* TableViewController.swift in Sources */ = {isa = PBXBuildFile; fileRef = 2A88B17F1D2C792B00163CC0 /* TableViewController.swift */; };
		2A88B1B11D2C8E7000163CC0 /* TableViewCell.swift in Sources */ = {isa = PBXBuildFile; fileRef = 2A88B1B01D2C8E7000163CC0 /* TableViewCell.swift */; };
		2A9F3FA01D2C67CE00607FF8 /* AppDelegate.swift in Sources */ = {isa = PBXBuildFile; fileRef = 2A9F3F9F1D2C67CE00607FF8 /* AppDelegate.swift */; };
		2A9F3FA51D2C67CE00607FF8 /* Main.storyboard in Resources */ = {isa = PBXBuildFile; fileRef = 2A9F3FA31D2C67CE00607FF8 /* Main.storyboard */; };
		2A9F3FA71D2C67CE00607FF8 /* Assets.xcassets in Resources */ = {isa = PBXBuildFile; fileRef = 2A9F3FA61D2C67CE00607FF8 /* Assets.xcassets */; };
		2A9F3FAA1D2C67CE00607FF8 /* LaunchScreen.storyboard in Resources */ = {isa = PBXBuildFile; fileRef = 2A9F3FA81D2C67CE00607FF8 /* LaunchScreen.storyboard */; };
		2AC424A71D2DD6090090D9E1 /* ViewCardController.swift in Sources */ = {isa = PBXBuildFile; fileRef = 2AC424A61D2DD6090090D9E1 /* ViewCardController.swift */; };
		C7734B95FF84FCC8EADC7A51 /* Pods_Cards.framework in Frameworks */ = {isa = PBXBuildFile; fileRef = E951EA67CB949097C75978A9 /* Pods_Cards.framework */; };
/* End PBXBuildFile section */

/* Begin PBXFileReference section */
		2A14ECA41D2D991E000140DD /* Cards-Bridging-Header.h */ = {isa = PBXFileReference; lastKnownFileType = sourcecode.c.h; path = "Cards-Bridging-Header.h"; sourceTree = "<group>"; };
		2A14ECA51D2DA0F3000140DD /* ThemePicker.swift */ = {isa = PBXFileReference; fileEncoding = 4; lastKnownFileType = sourcecode.swift; path = ThemePicker.swift; sourceTree = "<group>"; };
		2A36C63D1D2D8310009DB6B4 /* Fonts */ = {isa = PBXFileReference; lastKnownFileType = folder; path = Fonts; sourceTree = "<group>"; };
		2A50C8F71D2D641A001524E5 /* NSDate+convertToString.swift */ = {isa = PBXFileReference; fileEncoding = 4; lastKnownFileType = sourcecode.swift; path = "NSDate+convertToString.swift"; sourceTree = "<group>"; };
		2A50C8F91D2D6D03001524E5 /* NewCardController.swift */ = {isa = PBXFileReference; fileEncoding = 4; lastKnownFileType = sourcecode.swift; path = NewCardController.swift; sourceTree = "<group>"; };
		2A7947DE1D2F132800AE18E9 /* ThemePickerCell.swift */ = {isa = PBXFileReference; fileEncoding = 4; lastKnownFileType = sourcecode.swift; path = ThemePickerCell.swift; sourceTree = "<group>"; };
		2A88B17B1D2C76D300163CC0 /* Card.swift */ = {isa = PBXFileReference; fileEncoding = 4; lastKnownFileType = sourcecode.swift; path = Card.swift; sourceTree = "<group>"; };
		2A88B17D1D2C76DB00163CC0 /* RealmHelper.swift */ = {isa = PBXFileReference; fileEncoding = 4; lastKnownFileType = sourcecode.swift; path = RealmHelper.swift; sourceTree = "<group>"; };
		2A88B17F1D2C792B00163CC0 /* TableViewController.swift */ = {isa = PBXFileReference; fileEncoding = 4; lastKnownFileType = sourcecode.swift; path = TableViewController.swift; sourceTree = "<group>"; };
		2A88B1B01D2C8E7000163CC0 /* TableViewCell.swift */ = {isa = PBXFileReference; fileEncoding = 4; lastKnownFileType = sourcecode.swift; path = TableViewCell.swift; sourceTree = "<group>"; };
		2A9F3F9C1D2C67CE00607FF8 /* Cards.app */ = {isa = PBXFileReference; explicitFileType = wrapper.application; includeInIndex = 0; path = Cards.app; sourceTree = BUILT_PRODUCTS_DIR; };
		2A9F3F9F1D2C67CE00607FF8 /* AppDelegate.swift */ = {isa = PBXFileReference; lastKnownFileType = sourcecode.swift; path = AppDelegate.swift; sourceTree = "<group>"; };
		2A9F3FA41D2C67CE00607FF8 /* Base */ = {isa = PBXFileReference; lastKnownFileType = file.storyboard; name = Base; path = Base.lproj/Main.storyboard; sourceTree = "<group>"; };
		2A9F3FA61D2C67CE00607FF8 /* Assets.xcassets */ = {isa = PBXFileReference; lastKnownFileType = folder.assetcatalog; path = Assets.xcassets; sourceTree = "<group>"; };
		2A9F3FA91D2C67CE00607FF8 /* Base */ = {isa = PBXFileReference; lastKnownFileType = file.storyboard; name = Base; path = Base.lproj/LaunchScreen.storyboard; sourceTree = "<group>"; };
		2A9F3FAB1D2C67CE00607FF8 /* Info.plist */ = {isa = PBXFileReference; lastKnownFileType = text.plist.xml; path = Info.plist; sourceTree = "<group>"; };
		2AC424A61D2DD6090090D9E1 /* ViewCardController.swift */ = {isa = PBXFileReference; fileEncoding = 4; lastKnownFileType = sourcecode.swift; path = ViewCardController.swift; sourceTree = "<group>"; };
		67B9C990673C44D6CA1AC6C8 /* Pods-Cards.release.xcconfig */ = {isa = PBXFileReference; includeInIndex = 1; lastKnownFileType = text.xcconfig; name = "Pods-Cards.release.xcconfig"; path = "Pods/Target Support Files/Pods-Cards/Pods-Cards.release.xcconfig"; sourceTree = "<group>"; };
		D72285B060830E582EF3FA3C /* Pods-Cards.debug.xcconfig */ = {isa = PBXFileReference; includeInIndex = 1; lastKnownFileType = text.xcconfig; name = "Pods-Cards.debug.xcconfig"; path = "Pods/Target Support Files/Pods-Cards/Pods-Cards.debug.xcconfig"; sourceTree = "<group>"; };
		E951EA67CB949097C75978A9 /* Pods_Cards.framework */ = {isa = PBXFileReference; explicitFileType = wrapper.framework; includeInIndex = 0; path = Pods_Cards.framework; sourceTree = BUILT_PRODUCTS_DIR; };
/* End PBXFileReference section */

/* Begin PBXFrameworksBuildPhase section */
		2A9F3F991D2C67CE00607FF8 /* Frameworks */ = {
			isa = PBXFrameworksBuildPhase;
			buildActionMask = 2147483647;
			files = (
				C7734B95FF84FCC8EADC7A51 /* Pods_Cards.framework in Frameworks */,
			);
			runOnlyForDeploymentPostprocessing = 0;
		};
/* End PBXFrameworksBuildPhase section */

/* Begin PBXGroup section */
		2A50C8F61D2D641A001524E5 /* Extensions */ = {
			isa = PBXGroup;
			children = (
				2A50C8F71D2D641A001524E5 /* NSDate+convertToString.swift */,
			);
			path = Extensions;
			sourceTree = "<group>";
		};
		2A88B1711D2C6FEA00163CC0 /* Helpers */ = {
			isa = PBXGroup;
			children = (
				2A88B17D1D2C76DB00163CC0 /* RealmHelper.swift */,
			);
			path = Helpers;
			sourceTree = "<group>";
		};
		2A88B1721D2C6FEA00163CC0 /* Models */ = {
			isa = PBXGroup;
			children = (
				2A88B17B1D2C76D300163CC0 /* Card.swift */,
			);
			path = Models;
			sourceTree = "<group>";
		};
		2A88B1731D2C6FEA00163CC0 /* ViewControllers */ = {
			isa = PBXGroup;
			children = (
				2AC424A61D2DD6090090D9E1 /* ViewCardController.swift */,
				2A88B17F1D2C792B00163CC0 /* TableViewController.swift */,
				2A50C8F91D2D6D03001524E5 /* NewCardController.swift */,
				2A14ECA51D2DA0F3000140DD /* ThemePicker.swift */,
			);
			path = ViewControllers;
			sourceTree = "<group>";
		};
		2A88B1751D2C6FEA00163CC0 /* Views */ = {
			isa = PBXGroup;
			children = (
				2A88B1B01D2C8E7000163CC0 /* TableViewCell.swift */,
				2A7947DE1D2F132800AE18E9 /* ThemePickerCell.swift */,
			);
			path = Views;
			sourceTree = "<group>";
		};
		2A9F3F931D2C67CE00607FF8 = {
			isa = PBXGroup;
			children = (
				2A9F3F9E1D2C67CE00607FF8 /* Cards */,
				2A9F3F9D1D2C67CE00607FF8 /* Products */,
				B76125819FF814D9B4FCE640 /* Pods */,
				3CC0CC39B346B9FD271D25A9 /* Frameworks */,
			);
			sourceTree = "<group>";
		};
		2A9F3F9D1D2C67CE00607FF8 /* Products */ = {
			isa = PBXGroup;
			children = (
				2A9F3F9C1D2C67CE00607FF8 /* Cards.app */,
			);
			name = Products;
			sourceTree = "<group>";
		};
		2A9F3F9E1D2C67CE00607FF8 /* Cards */ = {
			isa = PBXGroup;
			children = (
				2A36C63D1D2D8310009DB6B4 /* Fonts */,
				2A50C8F61D2D641A001524E5 /* Extensions */,
				2A88B1711D2C6FEA00163CC0 /* Helpers */,
				2A88B1721D2C6FEA00163CC0 /* Models */,
				2A88B1731D2C6FEA00163CC0 /* ViewControllers */,
				2A88B1751D2C6FEA00163CC0 /* Views */,
				2A9F3F9F1D2C67CE00607FF8 /* AppDelegate.swift */,
				2A9F3FA31D2C67CE00607FF8 /* Main.storyboard */,
				2A9F3FA61D2C67CE00607FF8 /* Assets.xcassets */,
				2A9F3FA81D2C67CE00607FF8 /* LaunchScreen.storyboard */,
				2A9F3FAB1D2C67CE00607FF8 /* Info.plist */,
				2A14ECA41D2D991E000140DD /* Cards-Bridging-Header.h */,
			);
			path = Cards;
			sourceTree = "<group>";
		};
		3CC0CC39B346B9FD271D25A9 /* Frameworks */ = {
			isa = PBXGroup;
			children = (
				E951EA67CB949097C75978A9 /* Pods_Cards.framework */,
			);
			name = Frameworks;
			sourceTree = "<group>";
		};
		B76125819FF814D9B4FCE640 /* Pods */ = {
			isa = PBXGroup;
			children = (
				D72285B060830E582EF3FA3C /* Pods-Cards.debug.xcconfig */,
				67B9C990673C44D6CA1AC6C8 /* Pods-Cards.release.xcconfig */,
			);
			name = Pods;
			sourceTree = "<group>";
		};
/* End PBXGroup section */

/* Begin PBXNativeTarget section */
		2A9F3F9B1D2C67CE00607FF8 /* Cards */ = {
			isa = PBXNativeTarget;
			buildConfigurationList = 2A9F3FAE1D2C67CE00607FF8 /* Build configuration list for PBXNativeTarget "Cards" */;
			buildPhases = (
				6040AF814B1BAF63C230E990 /* [CP] Check Pods Manifest.lock */,
				2A9F3F981D2C67CE00607FF8 /* Sources */,
				2A9F3F991D2C67CE00607FF8 /* Frameworks */,
				2A9F3F9A1D2C67CE00607FF8 /* Resources */,
				3DB26A4EFB8ACB3D57E18FC6 /* [CP] Embed Pods Frameworks */,
				E547DB157DF7A20B7981B4A3 /* [CP] Copy Pods Resources */,
			);
			buildRules = (
			);
			dependencies = (
			);
			name = Cards;
			productName = Cards;
			productReference = 2A9F3F9C1D2C67CE00607FF8 /* Cards.app */;
			productType = "com.apple.product-type.application";
		};
/* End PBXNativeTarget section */

/* Begin PBXProject section */
		2A9F3F941D2C67CE00607FF8 /* Project object */ = {
			isa = PBXProject;
			attributes = {
				LastSwiftUpdateCheck = 0730;
				LastUpgradeCheck = 0730;
				ORGANIZATIONNAME = "Roland Shen";
				TargetAttributes = {
					2A9F3F9B1D2C67CE00607FF8 = {
						CreatedOnToolsVersion = 7.3.1;
						DevelopmentTeam = 9J7BM537A2;
					};
				};
			};
			buildConfigurationList = 2A9F3F971D2C67CE00607FF8 /* Build configuration list for PBXProject "Cards" */;
			compatibilityVersion = "Xcode 3.2";
			developmentRegion = English;
			hasScannedForEncodings = 0;
			knownRegions = (
				en,
				Base,
			);
			mainGroup = 2A9F3F931D2C67CE00607FF8;
			productRefGroup = 2A9F3F9D1D2C67CE00607FF8 /* Products */;
			projectDirPath = "";
			projectRoot = "";
			targets = (
				2A9F3F9B1D2C67CE00607FF8 /* Cards */,
			);
		};
/* End PBXProject section */

/* Begin PBXResourcesBuildPhase section */
		2A9F3F9A1D2C67CE00607FF8 /* Resources */ = {
			isa = PBXResourcesBuildPhase;
			buildActionMask = 2147483647;
			files = (
				2A9F3FAA1D2C67CE00607FF8 /* LaunchScreen.storyboard in Resources */,
				2A9F3FA71D2C67CE00607FF8 /* Assets.xcassets in Resources */,
				2A9F3FA51D2C67CE00607FF8 /* Main.storyboard in Resources */,
				2A36C63E1D2D8310009DB6B4 /* Fonts in Resources */,
			);
			runOnlyForDeploymentPostprocessing = 0;
		};
/* End PBXResourcesBuildPhase section */

/* Begin PBXShellScriptBuildPhase section */
		3DB26A4EFB8ACB3D57E18FC6 /* [CP] Embed Pods Frameworks */ = {
			isa = PBXShellScriptBuildPhase;
			buildActionMask = 2147483647;
			files = (
			);
			inputPaths = (
			);
			name = "[CP] Embed Pods Frameworks";
			outputPaths = (
			);
			runOnlyForDeploymentPostprocessing = 0;
			shellPath = /bin/sh;
			shellScript = "\"${SRCROOT}/Pods/Target Support Files/Pods-Cards/Pods-Cards-frameworks.sh\"\n";
			showEnvVarsInLog = 0;
		};
		6040AF814B1BAF63C230E990 /* [CP] Check Pods Manifest.lock */ = {
			isa = PBXShellScriptBuildPhase;
			buildActionMask = 2147483647;
			files = (
			);
			inputPaths = (
			);
			name = "[CP] Check Pods Manifest.lock";
			outputPaths = (
			);
			runOnlyForDeploymentPostprocessing = 0;
			shellPath = /bin/sh;
			shellScript = "diff \"${PODS_ROOT}/../Podfile.lock\" \"${PODS_ROOT}/Manifest.lock\" > /dev/null\nif [[ $? != 0 ]] ; then\n    cat << EOM\nerror: The sandbox is not in sync with the Podfile.lock. Run 'pod install' or update your CocoaPods installation.\nEOM\n    exit 1\nfi\n";
			showEnvVarsInLog = 0;
		};
		E547DB157DF7A20B7981B4A3 /* [CP] Copy Pods Resources */ = {
			isa = PBXShellScriptBuildPhase;
			buildActionMask = 2147483647;
			files = (
			);
			inputPaths = (
			);
			name = "[CP] Copy Pods Resources";
			outputPaths = (
			);
			runOnlyForDeploymentPostprocessing = 0;
			shellPath = /bin/sh;
			shellScript = "\"${SRCROOT}/Pods/Target Support Files/Pods-Cards/Pods-Cards-resources.sh\"\n";
			showEnvVarsInLog = 0;
		};
/* End PBXShellScriptBuildPhase section */

/* Begin PBXSourcesBuildPhase section */
		2A9F3F981D2C67CE00607FF8 /* Sources */ = {
			isa = PBXSourcesBuildPhase;
			buildActionMask = 2147483647;
			files = (
				2A88B1B11D2C8E7000163CC0 /* TableViewCell.swift in Sources */,
				2A88B17E1D2C76DB00163CC0 /* RealmHelper.swift in Sources */,
				2A50C8F81D2D641A001524E5 /* NSDate+convertToString.swift in Sources */,
				2A9F3FA01D2C67CE00607FF8 /* AppDelegate.swift in Sources */,
				2A50C8FA1D2D6D03001524E5 /* NewCardController.swift in Sources */,
				2A14ECA61D2DA0F3000140DD /* ThemePicker.swift in Sources */,
				2A88B1801D2C792B00163CC0 /* TableViewController.swift in Sources */,
				2A7947DF1D2F132800AE18E9 /* ThemePickerCell.swift in Sources */,
				2AC424A71D2DD6090090D9E1 /* ViewCardController.swift in Sources */,
				2A88B17C1D2C76D300163CC0 /* Card.swift in Sources */,
			);
			runOnlyForDeploymentPostprocessing = 0;
		};
/* End PBXSourcesBuildPhase section */

/* Begin PBXVariantGroup section */
		2A9F3FA31D2C67CE00607FF8 /* Main.storyboard */ = {
			isa = PBXVariantGroup;
			children = (
				2A9F3FA41D2C67CE00607FF8 /* Base */,
			);
			name = Main.storyboard;
			sourceTree = "<group>";
		};
		2A9F3FA81D2C67CE00607FF8 /* LaunchScreen.storyboard */ = {
			isa = PBXVariantGroup;
			children = (
				2A9F3FA91D2C67CE00607FF8 /* Base */,
			);
			name = LaunchScreen.storyboard;
			sourceTree = "<group>";
		};
/* End PBXVariantGroup section */

/* Begin XCBuildConfiguration section */
		2A9F3FAC1D2C67CE00607FF8 /* Debug */ = {
			isa = XCBuildConfiguration;
			buildSettings = {
				ALWAYS_SEARCH_USER_PATHS = NO;
				CLANG_ANALYZER_NONNULL = YES;
				CLANG_CXX_LANGUAGE_STANDARD = "gnu++0x";
				CLANG_CXX_LIBRARY = "libc++";
				CLANG_ENABLE_MODULES = YES;
				CLANG_ENABLE_OBJC_ARC = YES;
				CLANG_WARN_BOOL_CONVERSION = YES;
				CLANG_WARN_CONSTANT_CONVERSION = YES;
				CLANG_WARN_DIRECT_OBJC_ISA_USAGE = YES_ERROR;
				CLANG_WARN_EMPTY_BODY = YES;
				CLANG_WARN_ENUM_CONVERSION = YES;
				CLANG_WARN_INT_CONVERSION = YES;
				CLANG_WARN_OBJC_ROOT_CLASS = YES_ERROR;
				CLANG_WARN_UNREACHABLE_CODE = YES;
				CLANG_WARN__DUPLICATE_METHOD_MATCH = YES;
				"CODE_SIGN_IDENTITY[sdk=iphoneos*]" = "iPhone Developer";
				COPY_PHASE_STRIP = NO;
				DEBUG_INFORMATION_FORMAT = dwarf;
				ENABLE_STRICT_OBJC_MSGSEND = YES;
				ENABLE_TESTABILITY = YES;
				GCC_C_LANGUAGE_STANDARD = gnu99;
				GCC_DYNAMIC_NO_PIC = NO;
				GCC_NO_COMMON_BLOCKS = YES;
				GCC_OPTIMIZATION_LEVEL = 0;
				GCC_PREPROCESSOR_DEFINITIONS = (
					"DEBUG=1",
					"$(inherited)",
				);
				GCC_WARN_64_TO_32_BIT_CONVERSION = YES;
				GCC_WARN_ABOUT_RETURN_TYPE = YES_ERROR;
				GCC_WARN_UNDECLARED_SELECTOR = YES;
				GCC_WARN_UNINITIALIZED_AUTOS = YES_AGGRESSIVE;
				GCC_WARN_UNUSED_FUNCTION = YES;
				GCC_WARN_UNUSED_VARIABLE = YES;
				IPHONEOS_DEPLOYMENT_TARGET = 9.3;
				MTL_ENABLE_DEBUG_INFO = YES;
				ONLY_ACTIVE_ARCH = YES;
				SDKROOT = iphoneos;
				SWIFT_OPTIMIZATION_LEVEL = "-Onone";
			};
			name = Debug;
		};
		2A9F3FAD1D2C67CE00607FF8 /* Release */ = {
			isa = XCBuildConfiguration;
			buildSettings = {
				ALWAYS_SEARCH_USER_PATHS = NO;
				CLANG_ANALYZER_NONNULL = YES;
				CLANG_CXX_LANGUAGE_STANDARD = "gnu++0x";
				CLANG_CXX_LIBRARY = "libc++";
				CLANG_ENABLE_MODULES = YES;
				CLANG_ENABLE_OBJC_ARC = YES;
				CLANG_WARN_BOOL_CONVERSION = YES;
				CLANG_WARN_CONSTANT_CONVERSION = YES;
				CLANG_WARN_DIRECT_OBJC_ISA_USAGE = YES_ERROR;
				CLANG_WARN_EMPTY_BODY = YES;
				CLANG_WARN_ENUM_CONVERSION = YES;
				CLANG_WARN_INT_CONVERSION = YES;
				CLANG_WARN_OBJC_ROOT_CLASS = YES_ERROR;
				CLANG_WARN_UNREACHABLE_CODE = YES;
				CLANG_WARN__DUPLICATE_METHOD_MATCH = YES;
				"CODE_SIGN_IDENTITY[sdk=iphoneos*]" = "iPhone Developer";
				COPY_PHASE_STRIP = NO;
				DEBUG_INFORMATION_FORMAT = "dwarf-with-dsym";
				ENABLE_NS_ASSERTIONS = NO;
				ENABLE_STRICT_OBJC_MSGSEND = YES;
				GCC_C_LANGUAGE_STANDARD = gnu99;
				GCC_NO_COMMON_BLOCKS = YES;
				GCC_WARN_64_TO_32_BIT_CONVERSION = YES;
				GCC_WARN_ABOUT_RETURN_TYPE = YES_ERROR;
				GCC_WARN_UNDECLARED_SELECTOR = YES;
				GCC_WARN_UNINITIALIZED_AUTOS = YES_AGGRESSIVE;
				GCC_WARN_UNUSED_FUNCTION = YES;
				GCC_WARN_UNUSED_VARIABLE = YES;
				IPHONEOS_DEPLOYMENT_TARGET = 9.3;
				MTL_ENABLE_DEBUG_INFO = NO;
				SDKROOT = iphoneos;
				VALIDATE_PRODUCT = YES;
			};
			name = Release;
		};
		2A9F3FAF1D2C67CE00607FF8 /* Debug */ = {
			isa = XCBuildConfiguration;
			baseConfigurationReference = D72285B060830E582EF3FA3C /* Pods-Cards.debug.xcconfig */;
			buildSettings = {
				ASSETCATALOG_COMPILER_APPICON_NAME = AppIcon;
				INFOPLIST_FILE = Cards/Info.plist;
				LD_RUNPATH_SEARCH_PATHS = "$(inherited) @executable_path/Frameworks";
				PRODUCT_BUNDLE_IDENTIFIER = com.rolandshen.Cards;
				PRODUCT_NAME = "$(TARGET_NAME)";
			};
			name = Debug;
		};
		2A9F3FB01D2C67CE00607FF8 /* Release */ = {
			isa = XCBuildConfiguration;
			baseConfigurationReference = 67B9C990673C44D6CA1AC6C8 /* Pods-Cards.release.xcconfig */;
			buildSettings = {
				ASSETCATALOG_COMPILER_APPICON_NAME = AppIcon;
				INFOPLIST_FILE = Cards/Info.plist;
				LD_RUNPATH_SEARCH_PATHS = "$(inherited) @executable_path/Frameworks";
				PRODUCT_BUNDLE_IDENTIFIER = com.rolandshen.Cards;
				PRODUCT_NAME = "$(TARGET_NAME)";
			};
			name = Release;
		};
/* End XCBuildConfiguration section */

/* Begin XCConfigurationList section */
		2A9F3F971D2C67CE00607FF8 /* Build configuration list for PBXProject "Cards" */ = {
			isa = XCConfigurationList;
			buildConfigurations = (
				2A9F3FAC1D2C67CE00607FF8 /* Debug */,
				2A9F3FAD1D2C67CE00607FF8 /* Release */,
			);
			defaultConfigurationIsVisible = 0;
			defaultConfigurationName = Release;
		};
		2A9F3FAE1D2C67CE00607FF8 /* Build configuration list for PBXNativeTarget "Cards" */ = {
			isa = XCConfigurationList;
			buildConfigurations = (
				2A9F3FAF1D2C67CE00607FF8 /* Debug */,
				2A9F3FB01D2C67CE00607FF8 /* Release */,
			);
			defaultConfigurationIsVisible = 0;
			defaultConfigurationName = Release;
		};
/* End XCConfigurationList section */
	};
	rootObject = 2A9F3F941D2C67CE00607FF8 /* Project object */;
}
